
Microsoft Visual Studio Solution File, Format Version 12.00
# Visual Studio Version 16
VisualStudioVersion = 16.0.30320.27
MinimumVisualStudioVersion = 10.0.40219.1
Project("{FAE04EC0-301F-11D3-BF4B-00C04F79EFBC}") = "EmailSender", "EmailSender.csproj", "{7C526957-B2B2-4A50-A29B-BF29AE69C02E}"
EndProject
Global
	GlobalSection(SolutionConfigurationPlatforms) = preSolution
		Debug|Any CPU = Debug|Any CPU
		Release|Any CPU = Release|Any CPU
	EndGlobalSection
	GlobalSection(ProjectConfigurationPlatforms) = postSolution
		{7C526957-B2B2-4A50-A29B-BF29AE69C02E}.Debug|Any CPU.ActiveCfg = Debug|Any CPU
		{7C526957-B2B2-4A50-A29B-BF29AE69C02E}.Debug|Any CPU.Build.0 = Debug|Any CPU
		{7C526957-B2B2-4A50-A29B-BF29AE69C02E}.Release|Any CPU.ActiveCfg = Release|Any CPU
		{7C526957-B2B2-4A50-A29B-BF29AE69C02E}.Release|Any CPU.Build.0 = Release|Any CPU
	EndGlobalSection
	GlobalSection(SolutionProperties) = preSolution
		HideSolutionNode = FALSE
	EndGlobalSection
	GlobalSection(ExtensibilityGlobals) = postSolution
		SolutionGuid = {D9ADA637-D2FF-41E9-895A-E20FAD9BF1C0}
	EndGlobalSection
EndGlobal
